
Microsoft Visual Studio Solution File, Format Version 12.00
# Visual Studio Version 16
VisualStudioVersion = 16.0.30114.105
MinimumVisualStudioVersion = 10.0.40219.1
Project("{FAE04EC0-301F-11D3-BF4B-00C04F79EFBC}") = "API", "API\API.csproj", "{17AEA405-B377-43E9-A70E-3C07040F88CA}"
EndProject
Project("{FAE04EC0-301F-11D3-BF4B-00C04F79EFBC}") = "Core", "Core\Core.csproj", "{0784FAF9-7C60-464A-AC90-881FAEA61F4E}"
EndProject
Project("{FAE04EC0-301F-11D3-BF4B-00C04F79EFBC}") = "Infrastrure", "Infrastrure\Infrastrure.csproj", "{FEDA7805-CEA3-4790-B0DD-163B4E7CD209}"
EndProject
Global
	GlobalSection(SolutionConfigurationPlatforms) = preSolution
		Debug|Any CPU = Debug|Any CPU
		Release|Any CPU = Release|Any CPU
	EndGlobalSection
	GlobalSection(SolutionProperties) = preSolution
		HideSolutionNode = FALSE
	EndGlobalSection
	GlobalSection(ProjectConfigurationPlatforms) = postSolution
		{17AEA405-B377-43E9-A70E-3C07040F88CA}.Debug|Any CPU.ActiveCfg = Debug|Any CPU
		{17AEA405-B377-43E9-A70E-3C07040F88CA}.Debug|Any CPU.Build.0 = Debug|Any CPU
		{17AEA405-B377-43E9-A70E-3C07040F88CA}.Release|Any CPU.ActiveCfg = Release|Any CPU
		{17AEA405-B377-43E9-A70E-3C07040F88CA}.Release|Any CPU.Build.0 = Release|Any CPU
		{0784FAF9-7C60-464A-AC90-881FAEA61F4E}.Debug|Any CPU.ActiveCfg = Debug|Any CPU
		{0784FAF9-7C60-464A-AC90-881FAEA61F4E}.Debug|Any CPU.Build.0 = Debug|Any CPU
		{0784FAF9-7C60-464A-AC90-881FAEA61F4E}.Release|Any CPU.ActiveCfg = Release|Any CPU
		{0784FAF9-7C60-464A-AC90-881FAEA61F4E}.Release|Any CPU.Build.0 = Release|Any CPU
		{FEDA7805-CEA3-4790-B0DD-163B4E7CD209}.Debug|Any CPU.ActiveCfg = Debug|Any CPU
		{FEDA7805-CEA3-4790-B0DD-163B4E7CD209}.Debug|Any CPU.Build.0 = Debug|Any CPU
		{FEDA7805-CEA3-4790-B0DD-163B4E7CD209}.Release|Any CPU.ActiveCfg = Release|Any CPU
		{FEDA7805-CEA3-4790-B0DD-163B4E7CD209}.Release|Any CPU.Build.0 = Release|Any CPU
	EndGlobalSection
EndGlobal
